
Microsoft Visual Studio Solution File, Format Version 12.00
# Visual Studio Version 17
VisualStudioVersion = 17.11.35303.130
MinimumVisualStudioVersion = 10.0.40219.1
Project("{9A19103F-16F7-4668-BE54-9A1E7A4F7556}") = "Backgammon", "Backgammon\Backgammon.csproj", "{390C400E-EEB6-4D61-B579-F5ED082EC444}"
EndProject
Project("{FAE04EC0-301F-11D3-BF4B-00C04F79EFBC}") = "Backgammon.Tests", "Backgammon.Tests\Backgammon.Tests.csproj", "{5BA9525A-7197-4862-993A-6FE1028AAE0E}"
EndProject
Global
	GlobalSection(SolutionConfigurationPlatforms) = preSolution
		Debug|Any CPU = Debug|Any CPU
		Release|Any CPU = Release|Any CPU
	EndGlobalSection
	GlobalSection(ProjectConfigurationPlatforms) = postSolution
		{390C400E-EEB6-4D61-B579-F5ED082EC444}.Debug|Any CPU.ActiveCfg = Debug|Any CPU
		{390C400E-EEB6-4D61-B579-F5ED082EC444}.Debug|Any CPU.Build.0 = Debug|Any CPU
		{390C400E-EEB6-4D61-B579-F5ED082EC444}.Release|Any CPU.ActiveCfg = Release|Any CPU
		{390C400E-EEB6-4D61-B579-F5ED082EC444}.Release|Any CPU.Build.0 = Release|Any CPU
		{5BA9525A-7197-4862-993A-6FE1028AAE0E}.Debug|Any CPU.ActiveCfg = Debug|Any CPU
		{5BA9525A-7197-4862-993A-6FE1028AAE0E}.Debug|Any CPU.Build.0 = Debug|Any CPU
		{5BA9525A-7197-4862-993A-6FE1028AAE0E}.Release|Any CPU.ActiveCfg = Release|Any CPU
		{5BA9525A-7197-4862-993A-6FE1028AAE0E}.Release|Any CPU.Build.0 = Release|Any CPU
	EndGlobalSection
	GlobalSection(SolutionProperties) = preSolution
		HideSolutionNode = FALSE
	EndGlobalSection
	GlobalSection(ExtensibilityGlobals) = postSolution
		SolutionGuid = {2C5A9B1D-A286-4422-9D9E-2B96EBE7B191}
	EndGlobalSection
EndGlobal
